
Microsoft Visual Studio Solution File, Format Version 12.00
# Visual Studio Version 17
VisualStudioVersion = 17.0.32112.339
MinimumVisualStudioVersion = 10.0.40219.1
Project("{FAE04EC0-301F-11D3-BF4B-00C04F79EFBC}") = "EsercitazioneFinale.Core.Mock", "EsercitazioneFinale.Core.Mock\EsercitazioneFinale.Core.Mock.csproj", "{447BEAB6-2DD7-48A2-9599-3BB1797248D3}"
EndProject
Project("{FAE04EC0-301F-11D3-BF4B-00C04F79EFBC}") = "EsercitazioneFinale.Core", "EsercitazioneFinale.Core\EsercitazioneFinale.Core.csproj", "{B2AB3B80-D04D-4BF9-9EBC-7EA5C6D6F20F}"
EndProject
Project("{FAE04EC0-301F-11D3-BF4B-00C04F79EFBC}") = "EsercitazioneFinale.WPF", "EsercitazioneFinale.WPF\EsercitazioneFinale.WPF.csproj", "{5FA59618-6AD4-4657-84CB-3C9BD416858C}"
EndProject
Global
	GlobalSection(SolutionConfigurationPlatforms) = preSolution
		Debug|Any CPU = Debug|Any CPU
		Release|Any CPU = Release|Any CPU
	EndGlobalSection
	GlobalSection(ProjectConfigurationPlatforms) = postSolution
		{447BEAB6-2DD7-48A2-9599-3BB1797248D3}.Debug|Any CPU.ActiveCfg = Debug|Any CPU
		{447BEAB6-2DD7-48A2-9599-3BB1797248D3}.Debug|Any CPU.Build.0 = Debug|Any CPU
		{447BEAB6-2DD7-48A2-9599-3BB1797248D3}.Release|Any CPU.ActiveCfg = Release|Any CPU
		{447BEAB6-2DD7-48A2-9599-3BB1797248D3}.Release|Any CPU.Build.0 = Release|Any CPU
		{B2AB3B80-D04D-4BF9-9EBC-7EA5C6D6F20F}.Debug|Any CPU.ActiveCfg = Debug|Any CPU
		{B2AB3B80-D04D-4BF9-9EBC-7EA5C6D6F20F}.Debug|Any CPU.Build.0 = Debug|Any CPU
		{B2AB3B80-D04D-4BF9-9EBC-7EA5C6D6F20F}.Release|Any CPU.ActiveCfg = Release|Any CPU
		{B2AB3B80-D04D-4BF9-9EBC-7EA5C6D6F20F}.Release|Any CPU.Build.0 = Release|Any CPU
		{5FA59618-6AD4-4657-84CB-3C9BD416858C}.Debug|Any CPU.ActiveCfg = Debug|Any CPU
		{5FA59618-6AD4-4657-84CB-3C9BD416858C}.Debug|Any CPU.Build.0 = Debug|Any CPU
		{5FA59618-6AD4-4657-84CB-3C9BD416858C}.Release|Any CPU.ActiveCfg = Release|Any CPU
		{5FA59618-6AD4-4657-84CB-3C9BD416858C}.Release|Any CPU.Build.0 = Release|Any CPU
	EndGlobalSection
	GlobalSection(SolutionProperties) = preSolution
		HideSolutionNode = FALSE
	EndGlobalSection
	GlobalSection(ExtensibilityGlobals) = postSolution
		SolutionGuid = {7A5F9D78-BDF5-4F7E-A146-A04AD415C9B5}
	EndGlobalSection
EndGlobal
